
Microsoft Visual Studio Solution File, Format Version 12.00
# Visual Studio Version 17
VisualStudioVersion = 17.4.33122.133
MinimumVisualStudioVersion = 10.0.40219.1
Project("{9A19103F-16F7-4668-BE54-9A1E7A4F7556}") = "IlyaTestMet", "FuncLab\IlyaTestMet.csproj", "{297540C1-FB58-4113-8CA3-9D85C36B6C9C}"
EndProject
Project("{9A19103F-16F7-4668-BE54-9A1E7A4F7556}") = "TestGetF", "FuncLabTest\TestGetF.csproj", "{03FAD1B9-E9D7-4CAB-BA0C-1D40D15B5AAE}"
EndProject
Project("{FAE04EC0-301F-11D3-BF4B-00C04F79EFBC}") = "TestGetArray", "TestGetArray\TestGetArray.csproj", "{7ED4C6DB-B2B7-4C3A-944D-2A2D0805BABF}"
EndProject
Global
	GlobalSection(SolutionConfigurationPlatforms) = preSolution
		Debug|Any CPU = Debug|Any CPU
		Release|Any CPU = Release|Any CPU
	EndGlobalSection
	GlobalSection(ProjectConfigurationPlatforms) = postSolution
		{297540C1-FB58-4113-8CA3-9D85C36B6C9C}.Debug|Any CPU.ActiveCfg = Debug|Any CPU
		{297540C1-FB58-4113-8CA3-9D85C36B6C9C}.Debug|Any CPU.Build.0 = Debug|Any CPU
		{297540C1-FB58-4113-8CA3-9D85C36B6C9C}.Release|Any CPU.ActiveCfg = Release|Any CPU
		{297540C1-FB58-4113-8CA3-9D85C36B6C9C}.Release|Any CPU.Build.0 = Release|Any CPU
		{03FAD1B9-E9D7-4CAB-BA0C-1D40D15B5AAE}.Debug|Any CPU.ActiveCfg = Debug|Any CPU
		{03FAD1B9-E9D7-4CAB-BA0C-1D40D15B5AAE}.Debug|Any CPU.Build.0 = Debug|Any CPU
		{03FAD1B9-E9D7-4CAB-BA0C-1D40D15B5AAE}.Release|Any CPU.ActiveCfg = Release|Any CPU
		{03FAD1B9-E9D7-4CAB-BA0C-1D40D15B5AAE}.Release|Any CPU.Build.0 = Release|Any CPU
		{7ED4C6DB-B2B7-4C3A-944D-2A2D0805BABF}.Debug|Any CPU.ActiveCfg = Debug|Any CPU
		{7ED4C6DB-B2B7-4C3A-944D-2A2D0805BABF}.Debug|Any CPU.Build.0 = Debug|Any CPU
		{7ED4C6DB-B2B7-4C3A-944D-2A2D0805BABF}.Release|Any CPU.ActiveCfg = Release|Any CPU
		{7ED4C6DB-B2B7-4C3A-944D-2A2D0805BABF}.Release|Any CPU.Build.0 = Release|Any CPU
	EndGlobalSection
	GlobalSection(SolutionProperties) = preSolution
		HideSolutionNode = FALSE
	EndGlobalSection
	GlobalSection(ExtensibilityGlobals) = postSolution
		SolutionGuid = {1DAEBA57-41DC-4E35-B24B-510CC9A2B5B7}
	EndGlobalSection
EndGlobal
